
Microsoft Visual Studio Solution File, Format Version 12.00
# Visual Studio Version 17
VisualStudioVersion = 17.11.35303.130
MinimumVisualStudioVersion = 10.0.40219.1
Project("{2150E333-8FDC-42A3-9474-1A3956D46DE8}") = "Task0V26", "Task0V26", "{EFA3711C-F21B-4863-B69C-B341DC08146F}"
EndProject
Project("{9A19103F-16F7-4668-BE54-9A1E7A4F7556}") = "Tyuiu.FabritsiusAO.Sprint4.Task0.V26", "Tyuiu.FabritsiusAO.Sprint4.Task0.V26\Tyuiu.FabritsiusAO.Sprint4.Task0.V26.csproj", "{F76B3669-0FC3-48DF-AD23-F0CCF4FE9643}"
EndProject
Project("{9A19103F-16F7-4668-BE54-9A1E7A4F7556}") = "Tyuiu.FabritsiusAO.Sprint4.Task0.V26.Lib", "Tyuiu.FabritsiusAO.Sprint4.Task0.V26.Lib\Tyuiu.FabritsiusAO.Sprint4.Task0.V26.Lib.csproj", "{35D5E737-326D-48C0-87A3-0745C89C8353}"
EndProject
Project("{9A19103F-16F7-4668-BE54-9A1E7A4F7556}") = "Tyuiu.FabritsiusAO.Sprint4.Task0.V26.Test", "Tyuiu.FabritsiusAO.Sprint4.Task0.V26.Test\Tyuiu.FabritsiusAO.Sprint4.Task0.V26.Test.csproj", "{B76168E5-6FAC-4ADE-95F9-4A9AF1687C4D}"
EndProject
Project("{2150E333-8FDC-42A3-9474-1A3956D46DE8}") = "Task1V9", "Task1V9", "{6E25B62B-2DD6-4E5C-A6C3-5F24A209DCFC}"
EndProject
Project("{9A19103F-16F7-4668-BE54-9A1E7A4F7556}") = "Tyuiu.FabritsiusAO.Sprint4.Task1.V9", "Tyuiu.FabritsiusAO.Sprint4.Task1.V9\Tyuiu.FabritsiusAO.Sprint4.Task1.V9.csproj", "{A9BE0802-D57B-4F77-8F22-45A6D3FFC8D7}"
EndProject
Project("{9A19103F-16F7-4668-BE54-9A1E7A4F7556}") = "Tyuiu.FabritsiusAO.Sprint4.Task1.V9.Lib", "Tyuiu.FabritsiusAO.Sprint4.Task1.V9.Lib\Tyuiu.FabritsiusAO.Sprint4.Task1.V9.Lib.csproj", "{1BB6B1BD-A646-4800-835E-E1565D8B9A36}"
EndProject
Project("{9A19103F-16F7-4668-BE54-9A1E7A4F7556}") = "Tyuiu.FabritsiusAO.Sprint4.Task1.V9.Test", "Tyuiu.FabritsiusAO.Sprint4.Task1.V9.Test\Tyuiu.FabritsiusAO.Sprint4.Task1.V9.Test.csproj", "{57946667-A63E-47E3-9354-46F4AB3FB61B}"
EndProject
Project("{2150E333-8FDC-42A3-9474-1A3956D46DE8}") = "Task2V1", "Task2V1", "{F2E2070A-26F4-4815-8925-92254F3EF944}"
EndProject
Project("{9A19103F-16F7-4668-BE54-9A1E7A4F7556}") = "Tyuiu.FabritsiusAO.Sprint4.Task2.V1", "Tyuiu.FabritsiusAO.Sprint4.Task2.V1\Tyuiu.FabritsiusAO.Sprint4.Task2.V1.csproj", "{2775D5DB-2A6E-4D3F-AEEE-8D5DC17F8B07}"
EndProject
Project("{9A19103F-16F7-4668-BE54-9A1E7A4F7556}") = "Tyuiu.FabritsiusAO.Sprint4.Task2.V1.Lib", "Tyuiu.FabritsiusAO.Sprint4.Task2.V1.Lib\Tyuiu.FabritsiusAO.Sprint4.Task2.V1.Lib.csproj", "{2E577D40-37D2-429C-9E80-8948078BBC1D}"
EndProject
Project("{9A19103F-16F7-4668-BE54-9A1E7A4F7556}") = "Tyuiu.FabritsiusAO.Sprint4.Task2.V1.Test", "Tyuiu.FabritsiusAO.Sprint4.Task2.V1.Test\Tyuiu.FabritsiusAO.Sprint4.Task2.V1.Test.csproj", "{4E10787B-F038-4229-B2D6-B64D2CF01658}"
EndProject
Project("{2150E333-8FDC-42A3-9474-1A3956D46DE8}") = "Task3V12", "Task3V12", "{5550CDC4-DA6D-4D6C-9173-7925E6DD5E71}"
EndProject
Project("{9A19103F-16F7-4668-BE54-9A1E7A4F7556}") = "Tyuiu.FabritsiusAO.Sprint4.Task3.V12", "Tyuiu.FabritsiusAO.Sprint4.Task3.V12\Tyuiu.FabritsiusAO.Sprint4.Task3.V12.csproj", "{D188D93B-3750-4388-9311-799C509B3DCA}"
EndProject
Project("{9A19103F-16F7-4668-BE54-9A1E7A4F7556}") = "Tyuiu.FabritsiusAO.Sprint4.Task3.V12.Lib", "Tyuiu.FabritsiusAO.Sprint4.Task3.V12.Lib\Tyuiu.FabritsiusAO.Sprint4.Task3.V12.Lib.csproj", "{6F11A72D-87E5-4186-AB24-0774E54A30C3}"
EndProject
Project("{9A19103F-16F7-4668-BE54-9A1E7A4F7556}") = "Tyuiu.FabritsiusAO.Sprint4.Task3.V12.Test", "Tyuiu.FabritsiusAO.Sprint4.Task3.V12.Test\Tyuiu.FabritsiusAO.Sprint4.Task3.V12.Test.csproj", "{53BE7102-2EBE-4425-AA73-A59EA5A6CBC2}"
EndProject
Project("{2150E333-8FDC-42A3-9474-1A3956D46DE8}") = "Task4V1", "Task4V1", "{14C7B6C6-CD2E-45B8-9188-5D82ADA5E91F}"
EndProject
Project("{FAE04EC0-301F-11D3-BF4B-00C04F79EFBC}") = "Tyuiu.FabritsiusAO.Sprint4.Task4.V1", "Tyuiu.FabritsiusAO.Sprint4.Task4.V1\Tyuiu.FabritsiusAO.Sprint4.Task4.V1.csproj", "{10A10DE6-C590-4D23-8370-A3538EE69380}"
EndProject
Project("{FAE04EC0-301F-11D3-BF4B-00C04F79EFBC}") = "Tyuiu.FabritsiusAO.Sprint4.Task4.V1.Lib", "Tyuiu.FabritsiusAO.Sprint4.Task4.V1.Lib\Tyuiu.FabritsiusAO.Sprint4.Task4.V1.Lib.csproj", "{E325B9D2-1EE5-4CDD-9B6B-B45498FAC164}"
EndProject
Project("{FAE04EC0-301F-11D3-BF4B-00C04F79EFBC}") = "Tyuiu.FabritsiusAO.Sprint4.Task4.V1.Test", "Tyuiu.FabritsiusAO.Sprint4.Task4.V1.Test\Tyuiu.FabritsiusAO.Sprint4.Task4.V1.Test.csproj", "{F765273F-064A-4263-BDD4-B3EC1EE13FA6}"
EndProject
Project("{2150E333-8FDC-42A3-9474-1A3956D46DE8}") = "Task5V17", "Task5V17", "{55E05D7D-8D5D-40AC-A1EB-7DC478284F2D}"
EndProject
Project("{FAE04EC0-301F-11D3-BF4B-00C04F79EFBC}") = "Tyuiu.FabritsiusAO.Sprint4.Task5.V17", "Tyuiu.FabritsiusAO.Sprint4.Task5.V17\Tyuiu.FabritsiusAO.Sprint4.Task5.V17.csproj", "{7B93690A-B336-4B08-A2B6-BE25BBC3834D}"
EndProject
Project("{FAE04EC0-301F-11D3-BF4B-00C04F79EFBC}") = "Tyuiu.FabritsiusAO.Sprint4.Task5.V17.Lib", "Tyuiu.FabritsiusAO.Sprint4.Task5.V17.Lib\Tyuiu.FabritsiusAO.Sprint4.Task5.V17.Lib.csproj", "{1AAC9BB3-AFED-4B41-988D-D5035F63D2D5}"
EndProject
Project("{FAE04EC0-301F-11D3-BF4B-00C04F79EFBC}") = "Tyuiu.FabritsiusAO.Sprint4.Task5.V17.Test", "Tyuiu.FabritsiusAO.Sprint4.Task5.V17.Test\Tyuiu.FabritsiusAO.Sprint4.Task5.V17.Test.csproj", "{CF99939E-CA52-4964-9F48-DEA39AB69DFE}"
EndProject
Project("{2150E333-8FDC-42A3-9474-1A3956D46DE8}") = "Task6V8", "Task6V8", "{F1315FE9-277D-479D-A9B4-DE1D494D4A8D}"
EndProject
Project("{FAE04EC0-301F-11D3-BF4B-00C04F79EFBC}") = "Tyuiu.FabritsiusAO.Sprint4.Task6.V8", "Tyuiu.FabritsiusAO.Sprint4.Task6.V8\Tyuiu.FabritsiusAO.Sprint4.Task6.V8.csproj", "{F31C8AD0-5FC8-4564-8E0E-012E27251075}"
EndProject
Project("{FAE04EC0-301F-11D3-BF4B-00C04F79EFBC}") = "Tyuiu.FabritsiusAO.Sprint4.Task6.V8.Lib", "Tyuiu.FabritsiusAO.Sprint4.Task6.V8.Lib\Tyuiu.FabritsiusAO.Sprint4.Task6.V8.Lib.csproj", "{290F94CD-1CC8-4AB7-B08F-DF5A41C96151}"
EndProject
Project("{FAE04EC0-301F-11D3-BF4B-00C04F79EFBC}") = "Tyuiu.FabritsiusAO.Sprint4.Task6.V8.Test", "Tyuiu.FabritsiusAO.Sprint4.Task6.V8.Test\Tyuiu.FabritsiusAO.Sprint4.Task6.V8.Test.csproj", "{2AA7C670-21BB-48C4-9D8E-010F96E5523C}"
EndProject
Project("{2150E333-8FDC-42A3-9474-1A3956D46DE8}") = "Task7V8", "Task7V8", "{25B83B2F-871C-4699-91D4-048E7334E95F}"
EndProject
Project("{FAE04EC0-301F-11D3-BF4B-00C04F79EFBC}") = "Tyuiu.FabritsiusAO.Sprint4.Task7.V8", "Tyuiu.FabritsiusAO.Sprint4.Task7.V8\Tyuiu.FabritsiusAO.Sprint4.Task7.V8.csproj", "{65D2C47D-EAA2-46CD-8913-EDBD2A72E7A5}"
EndProject
Project("{FAE04EC0-301F-11D3-BF4B-00C04F79EFBC}") = "Tyuiu.FabritsiusAO.Sprint4.Task7.V8.Lib", "Tyuiu.FabritsiusAO.Sprint4.Task7.V8.Lib\Tyuiu.FabritsiusAO.Sprint4.Task7.V8.Lib.csproj", "{5CB5708C-1F0F-4090-9F15-37C73FDBCD03}"
EndProject
Project("{FAE04EC0-301F-11D3-BF4B-00C04F79EFBC}") = "Tyuiu.FabritsiusAO.Sprint4.Task7.V8.Test", "Tyuiu.FabritsiusAO.Sprint4.Task7.V8.Test\Tyuiu.FabritsiusAO.Sprint4.Task7.V8.Test.csproj", "{5308718A-9F06-4A1B-83B9-DE72C2C49931}"
EndProject
Global
	GlobalSection(SolutionConfigurationPlatforms) = preSolution
		Debug|Any CPU = Debug|Any CPU
		Release|Any CPU = Release|Any CPU
	EndGlobalSection
	GlobalSection(ProjectConfigurationPlatforms) = postSolution
		{F76B3669-0FC3-48DF-AD23-F0CCF4FE9643}.Debug|Any CPU.ActiveCfg = Debug|Any CPU
		{F76B3669-0FC3-48DF-AD23-F0CCF4FE9643}.Debug|Any CPU.Build.0 = Debug|Any CPU
		{F76B3669-0FC3-48DF-AD23-F0CCF4FE9643}.Release|Any CPU.ActiveCfg = Release|Any CPU
		{F76B3669-0FC3-48DF-AD23-F0CCF4FE9643}.Release|Any CPU.Build.0 = Release|Any CPU
		{35D5E737-326D-48C0-87A3-0745C89C8353}.Debug|Any CPU.ActiveCfg = Debug|Any CPU
		{35D5E737-326D-48C0-87A3-0745C89C8353}.Debug|Any CPU.Build.0 = Debug|Any CPU
		{35D5E737-326D-48C0-87A3-0745C89C8353}.Release|Any CPU.ActiveCfg = Release|Any CPU
		{35D5E737-326D-48C0-87A3-0745C89C8353}.Release|Any CPU.Build.0 = Release|Any CPU
		{B76168E5-6FAC-4ADE-95F9-4A9AF1687C4D}.Debug|Any CPU.ActiveCfg = Debug|Any CPU
		{B76168E5-6FAC-4ADE-95F9-4A9AF1687C4D}.Debug|Any CPU.Build.0 = Debug|Any CPU
		{B76168E5-6FAC-4ADE-95F9-4A9AF1687C4D}.Release|Any CPU.ActiveCfg = Release|Any CPU
		{B76168E5-6FAC-4ADE-95F9-4A9AF1687C4D}.Release|Any CPU.Build.0 = Release|Any CPU
		{A9BE0802-D57B-4F77-8F22-45A6D3FFC8D7}.Debug|Any CPU.ActiveCfg = Debug|Any CPU
		{A9BE0802-D57B-4F77-8F22-45A6D3FFC8D7}.Debug|Any CPU.Build.0 = Debug|Any CPU
		{A9BE0802-D57B-4F77-8F22-45A6D3FFC8D7}.Release|Any CPU.ActiveCfg = Release|Any CPU
		{A9BE0802-D57B-4F77-8F22-45A6D3FFC8D7}.Release|Any CPU.Build.0 = Release|Any CPU
		{1BB6B1BD-A646-4800-835E-E1565D8B9A36}.Debug|Any CPU.ActiveCfg = Debug|Any CPU
		{1BB6B1BD-A646-4800-835E-E1565D8B9A36}.Debug|Any CPU.Build.0 = Debug|Any CPU
		{1BB6B1BD-A646-4800-835E-E1565D8B9A36}.Release|Any CPU.ActiveCfg = Release|Any CPU
		{1BB6B1BD-A646-4800-835E-E1565D8B9A36}.Release|Any CPU.Build.0 = Release|Any CPU
		{57946667-A63E-47E3-9354-46F4AB3FB61B}.Debug|Any CPU.ActiveCfg = Debug|Any CPU
		{57946667-A63E-47E3-9354-46F4AB3FB61B}.Debug|Any CPU.Build.0 = Debug|Any CPU
		{57946667-A63E-47E3-9354-46F4AB3FB61B}.Release|Any CPU.ActiveCfg = Release|Any CPU
		{57946667-A63E-47E3-9354-46F4AB3FB61B}.Release|Any CPU.Build.0 = Release|Any CPU
		{2775D5DB-2A6E-4D3F-AEEE-8D5DC17F8B07}.Debug|Any CPU.ActiveCfg = Debug|Any CPU
		{2775D5DB-2A6E-4D3F-AEEE-8D5DC17F8B07}.Debug|Any CPU.Build.0 = Debug|Any CPU
		{2775D5DB-2A6E-4D3F-AEEE-8D5DC17F8B07}.Release|Any CPU.ActiveCfg = Release|Any CPU
		{2775D5DB-2A6E-4D3F-AEEE-8D5DC17F8B07}.Release|Any CPU.Build.0 = Release|Any CPU
		{2E577D40-37D2-429C-9E80-8948078BBC1D}.Debug|Any CPU.ActiveCfg = Debug|Any CPU
		{2E577D40-37D2-429C-9E80-8948078BBC1D}.Debug|Any CPU.Build.0 = Debug|Any CPU
		{2E577D40-37D2-429C-9E80-8948078BBC1D}.Release|Any CPU.ActiveCfg = Release|Any CPU
		{2E577D40-37D2-429C-9E80-8948078BBC1D}.Release|Any CPU.Build.0 = Release|Any CPU
		{4E10787B-F038-4229-B2D6-B64D2CF01658}.Debug|Any CPU.ActiveCfg = Debug|Any CPU
		{4E10787B-F038-4229-B2D6-B64D2CF01658}.Debug|Any CPU.Build.0 = Debug|Any CPU
		{4E10787B-F038-4229-B2D6-B64D2CF01658}.Release|Any CPU.ActiveCfg = Release|Any CPU
		{4E10787B-F038-4229-B2D6-B64D2CF01658}.Release|Any CPU.Build.0 = Release|Any CPU
		{D188D93B-3750-4388-9311-799C509B3DCA}.Debug|Any CPU.ActiveCfg = Debug|Any CPU
		{D188D93B-3750-4388-9311-799C509B3DCA}.Debug|Any CPU.Build.0 = Debug|Any CPU
		{D188D93B-3750-4388-9311-799C509B3DCA}.Release|Any CPU.ActiveCfg = Release|Any CPU
		{D188D93B-3750-4388-9311-799C509B3DCA}.Release|Any CPU.Build.0 = Release|Any CPU
		{6F11A72D-87E5-4186-AB24-0774E54A30C3}.Debug|Any CPU.ActiveCfg = Debug|Any CPU
		{6F11A72D-87E5-4186-AB24-0774E54A30C3}.Debug|Any CPU.Build.0 = Debug|Any CPU
		{6F11A72D-87E5-4186-AB24-0774E54A30C3}.Release|Any CPU.ActiveCfg = Release|Any CPU
		{6F11A72D-87E5-4186-AB24-0774E54A30C3}.Release|Any CPU.Build.0 = Release|Any CPU
		{53BE7102-2EBE-4425-AA73-A59EA5A6CBC2}.Debug|Any CPU.ActiveCfg = Debug|Any CPU
		{53BE7102-2EBE-4425-AA73-A59EA5A6CBC2}.Debug|Any CPU.Build.0 = Debug|Any CPU
		{53BE7102-2EBE-4425-AA73-A59EA5A6CBC2}.Release|Any CPU.ActiveCfg = Release|Any CPU
		{53BE7102-2EBE-4425-AA73-A59EA5A6CBC2}.Release|Any CPU.Build.0 = Release|Any CPU
		{10A10DE6-C590-4D23-8370-A3538EE69380}.Debug|Any CPU.ActiveCfg = Debug|Any CPU
		{10A10DE6-C590-4D23-8370-A3538EE69380}.Debug|Any CPU.Build.0 = Debug|Any CPU
		{10A10DE6-C590-4D23-8370-A3538EE69380}.Release|Any CPU.ActiveCfg = Release|Any CPU
		{10A10DE6-C590-4D23-8370-A3538EE69380}.Release|Any CPU.Build.0 = Release|Any CPU
		{E325B9D2-1EE5-4CDD-9B6B-B45498FAC164}.Debug|Any CPU.ActiveCfg = Debug|Any CPU
		{E325B9D2-1EE5-4CDD-9B6B-B45498FAC164}.Debug|Any CPU.Build.0 = Debug|Any CPU
		{E325B9D2-1EE5-4CDD-9B6B-B45498FAC164}.Release|Any CPU.ActiveCfg = Release|Any CPU
		{E325B9D2-1EE5-4CDD-9B6B-B45498FAC164}.Release|Any CPU.Build.0 = Release|Any CPU
		{F765273F-064A-4263-BDD4-B3EC1EE13FA6}.Debug|Any CPU.ActiveCfg = Debug|Any CPU
		{F765273F-064A-4263-BDD4-B3EC1EE13FA6}.Debug|Any CPU.Build.0 = Debug|Any CPU
		{F765273F-064A-4263-BDD4-B3EC1EE13FA6}.Release|Any CPU.ActiveCfg = Release|Any CPU
		{F765273F-064A-4263-BDD4-B3EC1EE13FA6}.Release|Any CPU.Build.0 = Release|Any CPU
		{7B93690A-B336-4B08-A2B6-BE25BBC3834D}.Debug|Any CPU.ActiveCfg = Debug|Any CPU
		{7B93690A-B336-4B08-A2B6-BE25BBC3834D}.Debug|Any CPU.Build.0 = Debug|Any CPU
		{7B93690A-B336-4B08-A2B6-BE25BBC3834D}.Release|Any CPU.ActiveCfg = Release|Any CPU
		{7B93690A-B336-4B08-A2B6-BE25BBC3834D}.Release|Any CPU.Build.0 = Release|Any CPU
		{1AAC9BB3-AFED-4B41-988D-D5035F63D2D5}.Debug|Any CPU.ActiveCfg = Debug|Any CPU
		{1AAC9BB3-AFED-4B41-988D-D5035F63D2D5}.Debug|Any CPU.Build.0 = Debug|Any CPU
		{1AAC9BB3-AFED-4B41-988D-D5035F63D2D5}.Release|Any CPU.ActiveCfg = Release|Any CPU
		{1AAC9BB3-AFED-4B41-988D-D5035F63D2D5}.Release|Any CPU.Build.0 = Release|Any CPU
		{CF99939E-CA52-4964-9F48-DEA39AB69DFE}.Debug|Any CPU.ActiveCfg = Debug|Any CPU
		{CF99939E-CA52-4964-9F48-DEA39AB69DFE}.Debug|Any CPU.Build.0 = Debug|Any CPU
		{CF99939E-CA52-4964-9F48-DEA39AB69DFE}.Release|Any CPU.ActiveCfg = Release|Any CPU
		{CF99939E-CA52-4964-9F48-DEA39AB69DFE}.Release|Any CPU.Build.0 = Release|Any CPU
		{F31C8AD0-5FC8-4564-8E0E-012E27251075}.Debug|Any CPU.ActiveCfg = Debug|Any CPU
		{F31C8AD0-5FC8-4564-8E0E-012E27251075}.Debug|Any CPU.Build.0 = Debug|Any CPU
		{F31C8AD0-5FC8-4564-8E0E-012E27251075}.Release|Any CPU.ActiveCfg = Release|Any CPU
		{F31C8AD0-5FC8-4564-8E0E-012E27251075}.Release|Any CPU.Build.0 = Release|Any CPU
		{290F94CD-1CC8-4AB7-B08F-DF5A41C96151}.Debug|Any CPU.ActiveCfg = Debug|Any CPU
		{290F94CD-1CC8-4AB7-B08F-DF5A41C96151}.Debug|Any CPU.Build.0 = Debug|Any CPU
		{290F94CD-1CC8-4AB7-B08F-DF5A41C96151}.Release|Any CPU.ActiveCfg = Release|Any CPU
		{290F94CD-1CC8-4AB7-B08F-DF5A41C96151}.Release|Any CPU.Build.0 = Release|Any CPU
		{2AA7C670-21BB-48C4-9D8E-010F96E5523C}.Debug|Any CPU.ActiveCfg = Debug|Any CPU
		{2AA7C670-21BB-48C4-9D8E-010F96E5523C}.Debug|Any CPU.Build.0 = Debug|Any CPU
		{2AA7C670-21BB-48C4-9D8E-010F96E5523C}.Release|Any CPU.ActiveCfg = Release|Any CPU
		{2AA7C670-21BB-48C4-9D8E-010F96E5523C}.Release|Any CPU.Build.0 = Release|Any CPU
		{65D2C47D-EAA2-46CD-8913-EDBD2A72E7A5}.Debug|Any CPU.ActiveCfg = Debug|Any CPU
		{65D2C47D-EAA2-46CD-8913-EDBD2A72E7A5}.Debug|Any CPU.Build.0 = Debug|Any CPU
		{65D2C47D-EAA2-46CD-8913-EDBD2A72E7A5}.Release|Any CPU.ActiveCfg = Release|Any CPU
		{65D2C47D-EAA2-46CD-8913-EDBD2A72E7A5}.Release|Any CPU.Build.0 = Release|Any CPU
		{5CB5708C-1F0F-4090-9F15-37C73FDBCD03}.Debug|Any CPU.ActiveCfg = Debug|Any CPU
		{5CB5708C-1F0F-4090-9F15-37C73FDBCD03}.Debug|Any CPU.Build.0 = Debug|Any CPU
		{5CB5708C-1F0F-4090-9F15-37C73FDBCD03}.Release|Any CPU.ActiveCfg = Release|Any CPU
		{5CB5708C-1F0F-4090-9F15-37C73FDBCD03}.Release|Any CPU.Build.0 = Release|Any CPU
		{5308718A-9F06-4A1B-83B9-DE72C2C49931}.Debug|Any CPU.ActiveCfg = Debug|Any CPU
		{5308718A-9F06-4A1B-83B9-DE72C2C49931}.Debug|Any CPU.Build.0 = Debug|Any CPU
		{5308718A-9F06-4A1B-83B9-DE72C2C49931}.Release|Any CPU.ActiveCfg = Release|Any CPU
		{5308718A-9F06-4A1B-83B9-DE72C2C49931}.Release|Any CPU.Build.0 = Release|Any CPU
	EndGlobalSection
	GlobalSection(SolutionProperties) = preSolution
		HideSolutionNode = FALSE
	EndGlobalSection
	GlobalSection(NestedProjects) = preSolution
		{F76B3669-0FC3-48DF-AD23-F0CCF4FE9643} = {EFA3711C-F21B-4863-B69C-B341DC08146F}
		{35D5E737-326D-48C0-87A3-0745C89C8353} = {EFA3711C-F21B-4863-B69C-B341DC08146F}
		{B76168E5-6FAC-4ADE-95F9-4A9AF1687C4D} = {EFA3711C-F21B-4863-B69C-B341DC08146F}
		{A9BE0802-D57B-4F77-8F22-45A6D3FFC8D7} = {6E25B62B-2DD6-4E5C-A6C3-5F24A209DCFC}
		{1BB6B1BD-A646-4800-835E-E1565D8B9A36} = {6E25B62B-2DD6-4E5C-A6C3-5F24A209DCFC}
		{57946667-A63E-47E3-9354-46F4AB3FB61B} = {6E25B62B-2DD6-4E5C-A6C3-5F24A209DCFC}
		{2775D5DB-2A6E-4D3F-AEEE-8D5DC17F8B07} = {F2E2070A-26F4-4815-8925-92254F3EF944}
		{2E577D40-37D2-429C-9E80-8948078BBC1D} = {F2E2070A-26F4-4815-8925-92254F3EF944}
		{4E10787B-F038-4229-B2D6-B64D2CF01658} = {F2E2070A-26F4-4815-8925-92254F3EF944}
		{D188D93B-3750-4388-9311-799C509B3DCA} = {5550CDC4-DA6D-4D6C-9173-7925E6DD5E71}
		{6F11A72D-87E5-4186-AB24-0774E54A30C3} = {5550CDC4-DA6D-4D6C-9173-7925E6DD5E71}
		{53BE7102-2EBE-4425-AA73-A59EA5A6CBC2} = {5550CDC4-DA6D-4D6C-9173-7925E6DD5E71}
		{10A10DE6-C590-4D23-8370-A3538EE69380} = {14C7B6C6-CD2E-45B8-9188-5D82ADA5E91F}
		{E325B9D2-1EE5-4CDD-9B6B-B45498FAC164} = {14C7B6C6-CD2E-45B8-9188-5D82ADA5E91F}
		{F765273F-064A-4263-BDD4-B3EC1EE13FA6} = {14C7B6C6-CD2E-45B8-9188-5D82ADA5E91F}
		{7B93690A-B336-4B08-A2B6-BE25BBC3834D} = {55E05D7D-8D5D-40AC-A1EB-7DC478284F2D}
		{1AAC9BB3-AFED-4B41-988D-D5035F63D2D5} = {55E05D7D-8D5D-40AC-A1EB-7DC478284F2D}
		{CF99939E-CA52-4964-9F48-DEA39AB69DFE} = {55E05D7D-8D5D-40AC-A1EB-7DC478284F2D}
		{F31C8AD0-5FC8-4564-8E0E-012E27251075} = {F1315FE9-277D-479D-A9B4-DE1D494D4A8D}
		{290F94CD-1CC8-4AB7-B08F-DF5A41C96151} = {F1315FE9-277D-479D-A9B4-DE1D494D4A8D}
		{2AA7C670-21BB-48C4-9D8E-010F96E5523C} = {F1315FE9-277D-479D-A9B4-DE1D494D4A8D}
		{65D2C47D-EAA2-46CD-8913-EDBD2A72E7A5} = {25B83B2F-871C-4699-91D4-048E7334E95F}
		{5CB5708C-1F0F-4090-9F15-37C73FDBCD03} = {25B83B2F-871C-4699-91D4-048E7334E95F}
		{5308718A-9F06-4A1B-83B9-DE72C2C49931} = {25B83B2F-871C-4699-91D4-048E7334E95F}
	EndGlobalSection
	GlobalSection(ExtensibilityGlobals) = postSolution
		SolutionGuid = {C9225775-C1C6-4313-9E35-052A9371808E}
	EndGlobalSection
EndGlobal
